
Microsoft Visual Studio Solution File, Format Version 12.00
# Visual Studio 15
VisualStudioVersion = 15.0.26124.0
MinimumVisualStudioVersion = 15.0.26124.0
Project("{2150E333-8FDC-42A3-9474-1A3956D46DE8}") = "src", "src", "{E524C65D-0A6A-4149-A472-8A21FDA5F0BF}"
EndProject
Project("{2150E333-8FDC-42A3-9474-1A3956D46DE8}") = "test", "test", "{85D29F43-2982-4BC8-84EC-EE636D8FDD80}"
EndProject
Project("{FAE04EC0-301F-11D3-BF4B-00C04F79EFBC}") = "GitLabCli.Features", "src\GitLabCli.Features\GitLabCli.Features.csproj", "{88B6040E-AA9E-4E9E-A472-1DE7A4191571}"
EndProject
Project("{FAE04EC0-301F-11D3-BF4B-00C04F79EFBC}") = "GitLabCli.Features.Tests", "test\GitLabCli.Feature.Tests\GitLabCli.Features.Tests.csproj", "{F5C60CA5-B480-4452-9BFE-AB8661A2C5EF}"
EndProject
Project("{FAE04EC0-301F-11D3-BF4B-00C04F79EFBC}") = "GitLabCli.Console", "src\GitLabCli.Console\GitLabCli.Console.csproj", "{10B5A195-9033-4B8B-8A45-37A70EC2231F}"
EndProject
Project("{FAE04EC0-301F-11D3-BF4B-00C04F79EFBC}") = "GitLabCli.Console.Tests", "test\GitLabCli.Console.Tests\GitLabCli.Console.Tests.csproj", "{D3818207-4A70-4A72-832D-8C125316FEBA}"
EndProject
Project("{FAE04EC0-301F-11D3-BF4B-00C04F79EFBC}") = "GitLabCli.Dal", "src\GitLabCli.Dal\GitLabCli.Dal.csproj", "{5B106A3E-984E-4759-B935-2D1EF3951B1E}"
EndProject
Global
	GlobalSection(SolutionConfigurationPlatforms) = preSolution
		Debug|Any CPU = Debug|Any CPU
		Debug|x64 = Debug|x64
		Debug|x86 = Debug|x86
		Release|Any CPU = Release|Any CPU
		Release|x64 = Release|x64
		Release|x86 = Release|x86
	EndGlobalSection
	GlobalSection(SolutionProperties) = preSolution
		HideSolutionNode = FALSE
	EndGlobalSection
	GlobalSection(ProjectConfigurationPlatforms) = postSolution
		{88B6040E-AA9E-4E9E-A472-1DE7A4191571}.Debug|Any CPU.ActiveCfg = Debug|Any CPU
		{88B6040E-AA9E-4E9E-A472-1DE7A4191571}.Debug|Any CPU.Build.0 = Debug|Any CPU
		{88B6040E-AA9E-4E9E-A472-1DE7A4191571}.Debug|x64.ActiveCfg = Debug|Any CPU
		{88B6040E-AA9E-4E9E-A472-1DE7A4191571}.Debug|x64.Build.0 = Debug|Any CPU
		{88B6040E-AA9E-4E9E-A472-1DE7A4191571}.Debug|x86.ActiveCfg = Debug|Any CPU
		{88B6040E-AA9E-4E9E-A472-1DE7A4191571}.Debug|x86.Build.0 = Debug|Any CPU
		{88B6040E-AA9E-4E9E-A472-1DE7A4191571}.Release|Any CPU.ActiveCfg = Release|Any CPU
		{88B6040E-AA9E-4E9E-A472-1DE7A4191571}.Release|Any CPU.Build.0 = Release|Any CPU
		{88B6040E-AA9E-4E9E-A472-1DE7A4191571}.Release|x64.ActiveCfg = Release|Any CPU
		{88B6040E-AA9E-4E9E-A472-1DE7A4191571}.Release|x64.Build.0 = Release|Any CPU
		{88B6040E-AA9E-4E9E-A472-1DE7A4191571}.Release|x86.ActiveCfg = Release|Any CPU
		{88B6040E-AA9E-4E9E-A472-1DE7A4191571}.Release|x86.Build.0 = Release|Any CPU
		{F5C60CA5-B480-4452-9BFE-AB8661A2C5EF}.Debug|Any CPU.ActiveCfg = Debug|Any CPU
		{F5C60CA5-B480-4452-9BFE-AB8661A2C5EF}.Debug|Any CPU.Build.0 = Debug|Any CPU
		{F5C60CA5-B480-4452-9BFE-AB8661A2C5EF}.Debug|x64.ActiveCfg = Debug|Any CPU
		{F5C60CA5-B480-4452-9BFE-AB8661A2C5EF}.Debug|x64.Build.0 = Debug|Any CPU
		{F5C60CA5-B480-4452-9BFE-AB8661A2C5EF}.Debug|x86.ActiveCfg = Debug|Any CPU
		{F5C60CA5-B480-4452-9BFE-AB8661A2C5EF}.Debug|x86.Build.0 = Debug|Any CPU
		{F5C60CA5-B480-4452-9BFE-AB8661A2C5EF}.Release|Any CPU.ActiveCfg = Release|Any CPU
		{F5C60CA5-B480-4452-9BFE-AB8661A2C5EF}.Release|Any CPU.Build.0 = Release|Any CPU
		{F5C60CA5-B480-4452-9BFE-AB8661A2C5EF}.Release|x64.ActiveCfg = Release|Any CPU
		{F5C60CA5-B480-4452-9BFE-AB8661A2C5EF}.Release|x64.Build.0 = Release|Any CPU
		{F5C60CA5-B480-4452-9BFE-AB8661A2C5EF}.Release|x86.ActiveCfg = Release|Any CPU
		{F5C60CA5-B480-4452-9BFE-AB8661A2C5EF}.Release|x86.Build.0 = Release|Any CPU
		{10B5A195-9033-4B8B-8A45-37A70EC2231F}.Debug|Any CPU.ActiveCfg = Debug|Any CPU
		{10B5A195-9033-4B8B-8A45-37A70EC2231F}.Debug|Any CPU.Build.0 = Debug|Any CPU
		{10B5A195-9033-4B8B-8A45-37A70EC2231F}.Debug|x64.ActiveCfg = Debug|Any CPU
		{10B5A195-9033-4B8B-8A45-37A70EC2231F}.Debug|x64.Build.0 = Debug|Any CPU
		{10B5A195-9033-4B8B-8A45-37A70EC2231F}.Debug|x86.ActiveCfg = Debug|Any CPU
		{10B5A195-9033-4B8B-8A45-37A70EC2231F}.Debug|x86.Build.0 = Debug|Any CPU
		{10B5A195-9033-4B8B-8A45-37A70EC2231F}.Release|Any CPU.ActiveCfg = Release|Any CPU
		{10B5A195-9033-4B8B-8A45-37A70EC2231F}.Release|Any CPU.Build.0 = Release|Any CPU
		{10B5A195-9033-4B8B-8A45-37A70EC2231F}.Release|x64.ActiveCfg = Release|Any CPU
		{10B5A195-9033-4B8B-8A45-37A70EC2231F}.Release|x64.Build.0 = Release|Any CPU
		{10B5A195-9033-4B8B-8A45-37A70EC2231F}.Release|x86.ActiveCfg = Release|Any CPU
		{10B5A195-9033-4B8B-8A45-37A70EC2231F}.Release|x86.Build.0 = Release|Any CPU
		{D3818207-4A70-4A72-832D-8C125316FEBA}.Debug|Any CPU.ActiveCfg = Debug|Any CPU
		{D3818207-4A70-4A72-832D-8C125316FEBA}.Debug|Any CPU.Build.0 = Debug|Any CPU
		{D3818207-4A70-4A72-832D-8C125316FEBA}.Debug|x64.ActiveCfg = Debug|Any CPU
		{D3818207-4A70-4A72-832D-8C125316FEBA}.Debug|x64.Build.0 = Debug|Any CPU
		{D3818207-4A70-4A72-832D-8C125316FEBA}.Debug|x86.ActiveCfg = Debug|Any CPU
		{D3818207-4A70-4A72-832D-8C125316FEBA}.Debug|x86.Build.0 = Debug|Any CPU
		{D3818207-4A70-4A72-832D-8C125316FEBA}.Release|Any CPU.ActiveCfg = Release|Any CPU
		{D3818207-4A70-4A72-832D-8C125316FEBA}.Release|Any CPU.Build.0 = Release|Any CPU
		{D3818207-4A70-4A72-832D-8C125316FEBA}.Release|x64.ActiveCfg = Release|Any CPU
		{D3818207-4A70-4A72-832D-8C125316FEBA}.Release|x64.Build.0 = Release|Any CPU
		{D3818207-4A70-4A72-832D-8C125316FEBA}.Release|x86.ActiveCfg = Release|Any CPU
		{D3818207-4A70-4A72-832D-8C125316FEBA}.Release|x86.Build.0 = Release|Any CPU
		{5B106A3E-984E-4759-B935-2D1EF3951B1E}.Debug|Any CPU.ActiveCfg = Debug|Any CPU
		{5B106A3E-984E-4759-B935-2D1EF3951B1E}.Debug|Any CPU.Build.0 = Debug|Any CPU
		{5B106A3E-984E-4759-B935-2D1EF3951B1E}.Debug|x64.ActiveCfg = Debug|Any CPU
		{5B106A3E-984E-4759-B935-2D1EF3951B1E}.Debug|x64.Build.0 = Debug|Any CPU
		{5B106A3E-984E-4759-B935-2D1EF3951B1E}.Debug|x86.ActiveCfg = Debug|Any CPU
		{5B106A3E-984E-4759-B935-2D1EF3951B1E}.Debug|x86.Build.0 = Debug|Any CPU
		{5B106A3E-984E-4759-B935-2D1EF3951B1E}.Release|Any CPU.ActiveCfg = Release|Any CPU
		{5B106A3E-984E-4759-B935-2D1EF3951B1E}.Release|Any CPU.Build.0 = Release|Any CPU
		{5B106A3E-984E-4759-B935-2D1EF3951B1E}.Release|x64.ActiveCfg = Release|Any CPU
		{5B106A3E-984E-4759-B935-2D1EF3951B1E}.Release|x64.Build.0 = Release|Any CPU
		{5B106A3E-984E-4759-B935-2D1EF3951B1E}.Release|x86.ActiveCfg = Release|Any CPU
		{5B106A3E-984E-4759-B935-2D1EF3951B1E}.Release|x86.Build.0 = Release|Any CPU
	EndGlobalSection
	GlobalSection(NestedProjects) = preSolution
		{88B6040E-AA9E-4E9E-A472-1DE7A4191571} = {E524C65D-0A6A-4149-A472-8A21FDA5F0BF}
		{F5C60CA5-B480-4452-9BFE-AB8661A2C5EF} = {85D29F43-2982-4BC8-84EC-EE636D8FDD80}
		{10B5A195-9033-4B8B-8A45-37A70EC2231F} = {E524C65D-0A6A-4149-A472-8A21FDA5F0BF}
		{D3818207-4A70-4A72-832D-8C125316FEBA} = {85D29F43-2982-4BC8-84EC-EE636D8FDD80}
		{5B106A3E-984E-4759-B935-2D1EF3951B1E} = {E524C65D-0A6A-4149-A472-8A21FDA5F0BF}
	EndGlobalSection
EndGlobal
